// !$*UTF8*$!
{
	archiveVersion = 1;
	classes = {
	};
	objectVersion = 50;
	objects = {

/* Begin PBXBuildFile section */
		55CF497428352383004E39F0 /* AppDelegate.swift in Sources */ = {isa = PBXBuildFile; fileRef = 55CF497328352383004E39F0 /* AppDelegate.swift */; };
		55CF497628352383004E39F0 /* SceneDelegate.swift in Sources */ = {isa = PBXBuildFile; fileRef = 55CF497528352383004E39F0 /* SceneDelegate.swift */; };
		55CF497828352383004E39F0 /* ViewController.swift in Sources */ = {isa = PBXBuildFile; fileRef = 55CF497728352383004E39F0 /* ViewController.swift */; };
		55CF497B28352383004E39F0 /* Main.storyboard in Resources */ = {isa = PBXBuildFile; fileRef = 55CF497928352383004E39F0 /* Main.storyboard */; };
		55CF497E28352383004E39F0 /* ListaTareas.xcdatamodeld in Sources */ = {isa = PBXBuildFile; fileRef = 55CF497C28352383004E39F0 /* ListaTareas.xcdatamodeld */; };
		55CF498028352385004E39F0 /* Assets.xcassets in Resources */ = {isa = PBXBuildFile; fileRef = 55CF497F28352385004E39F0 /* Assets.xcassets */; };
		55CF498328352385004E39F0 /* LaunchScreen.storyboard in Resources */ = {isa = PBXBuildFile; fileRef = 55CF498128352385004E39F0 /* LaunchScreen.storyboard */; };
/* End PBXBuildFile section */

/* Begin PBXFileReference section */
		55CF497028352383004E39F0 /* ListaTareas.app */ = {isa = PBXFileReference; explicitFileType = wrapper.application; includeInIndex = 0; path = ListaTareas.app; sourceTree = BUILT_PRODUCTS_DIR; };
		55CF497328352383004E39F0 /* AppDelegate.swift */ = {isa = PBXFileReference; lastKnownFileType = sourcecode.swift; path = AppDelegate.swift; sourceTree = "<group>"; };
		55CF497528352383004E39F0 /* SceneDelegate.swift */ = {isa = PBXFileReference; lastKnownFileType = sourcecode.swift; path = SceneDelegate.swift; sourceTree = "<group>"; };
		55CF497728352383004E39F0 /* ViewController.swift */ = {isa = PBXFileReference; lastKnownFileType = sourcecode.swift; path = ViewController.swift; sourceTree = "<group>"; };
		55CF497A28352383004E39F0 /* Base */ = {isa = PBXFileReference; lastKnownFileType = file.storyboard; name = Base; path = Base.lproj/Main.storyboard; sourceTree = "<group>"; };
		55CF497D28352383004E39F0 /* ListaTareas.xcdatamodel */ = {isa = PBXFileReference; lastKnownFileType = wrapper.xcdatamodel; path = ListaTareas.xcdatamodel; sourceTree = "<group>"; };
		55CF497F28352385004E39F0 /* Assets.xcassets */ = {isa = PBXFileReference; lastKnownFileType = folder.assetcatalog; path = Assets.xcassets; sourceTree = "<group>"; };
		55CF498228352385004E39F0 /* Base */ = {isa = PBXFileReference; lastKnownFileType = file.storyboard; name = Base; path = Base.lproj/LaunchScreen.storyboard; sourceTree = "<group>"; };
		55CF498428352385004E39F0 /* Info.plist */ = {isa = PBXFileReference; lastKnownFileType = text.plist.xml; path = Info.plist; sourceTree = "<group>"; };
/* End PBXFileReference section */

/* Begin PBXFrameworksBuildPhase section */
		55CF496D28352383004E39F0 /* Frameworks */ = {
			isa = PBXFrameworksBuildPhase;
			buildActionMask = 2147483647;
			files = (
			);
			runOnlyForDeploymentPostprocessing = 0;
		};
/* End PBXFrameworksBuildPhase section */

/* Begin PBXGroup section */
		55CF496728352383004E39F0 = {
			isa = PBXGroup;
			children = (
				55CF497228352383004E39F0 /* ListaTareas */,
				55CF497128352383004E39F0 /* Products */,
			);
			sourceTree = "<group>";
		};
		55CF497128352383004E39F0 /* Products */ = {
			isa = PBXGroup;
			children = (
				55CF497028352383004E39F0 /* ListaTareas.app */,
			);
			name = Products;
			sourceTree = "<group>";
		};
		55CF497228352383004E39F0 /* ListaTareas */ = {
			isa = PBXGroup;
			children = (
				55CF497328352383004E39F0 /* AppDelegate.swift */,
				55CF497528352383004E39F0 /* SceneDelegate.swift */,
				55CF497728352383004E39F0 /* ViewController.swift */,
				55CF497928352383004E39F0 /* Main.storyboard */,
				55CF497F28352385004E39F0 /* Assets.xcassets */,
				55CF498128352385004E39F0 /* LaunchScreen.storyboard */,
				55CF498428352385004E39F0 /* Info.plist */,
				55CF497C28352383004E39F0 /* ListaTareas.xcdatamodeld */,
			);
			path = ListaTareas;
			sourceTree = "<group>";
		};
/* End PBXGroup section */

/* Begin PBXNativeTarget section */
		55CF496F28352383004E39F0 /* ListaTareas */ = {
			isa = PBXNativeTarget;
			buildConfigurationList = 55CF498728352385004E39F0 /* Build configuration list for PBXNativeTarget "ListaTareas" */;
			buildPhases = (
				55CF496C28352383004E39F0 /* Sources */,
				55CF496D28352383004E39F0 /* Frameworks */,
				55CF496E28352383004E39F0 /* Resources */,
			);
			buildRules = (
			);
			dependencies = (
			);
			name = ListaTareas;
			productName = ListaTareas;
			productReference = 55CF497028352383004E39F0 /* ListaTareas.app */;
			productType = "com.apple.product-type.application";
		};
/* End PBXNativeTarget section */

/* Begin PBXProject section */
		55CF496828352383004E39F0 /* Project object */ = {
			isa = PBXProject;
			attributes = {
				LastSwiftUpdateCheck = 1240;
				LastUpgradeCheck = 1240;
				TargetAttributes = {
					55CF496F28352383004E39F0 = {
						CreatedOnToolsVersion = 12.4;
					};
				};
			};
			buildConfigurationList = 55CF496B28352383004E39F0 /* Build configuration list for PBXProject "ListaTareas" */;
			compatibilityVersion = "Xcode 9.3";
			developmentRegion = en;
			hasScannedForEncodings = 0;
			knownRegions = (
				en,
				Base,
			);
			mainGroup = 55CF496728352383004E39F0;
			productRefGroup = 55CF497128352383004E39F0 /* Products */;
			projectDirPath = "";
			projectRoot = "";
			targets = (
				55CF496F28352383004E39F0 /* ListaTareas */,
			);
		};
/* End PBXProject section */

/* Begin PBXResourcesBuildPhase section */
		55CF496E28352383004E39F0 /* Resources */ = {
			isa = PBXResourcesBuildPhase;
			buildActionMask = 2147483647;
			files = (
				55CF498328352385004E39F0 /* LaunchScreen.storyboard in Resources */,
				55CF498028352385004E39F0 /* Assets.xcassets in Resources */,
				55CF497B28352383004E39F0 /* Main.storyboard in Resources */,
			);
			runOnlyForDeploymentPostprocessing = 0;
		};
/* End PBXResourcesBuildPhase section */

/* Begin PBXSourcesBuildPhase section */
		55CF496C28352383004E39F0 /* Sources */ = {
			isa = PBXSourcesBuildPhase;
			buildActionMask = 2147483647;
			files = (
				55CF497828352383004E39F0 /* ViewController.swift in Sources */,
				55CF497E28352383004E39F0 /* ListaTareas.xcdatamodeld in Sources */,
				55CF497428352383004E39F0 /* AppDelegate.swift in Sources */,
				55CF497628352383004E39F0 /* SceneDelegate.swift in Sources */,
			);
			runOnlyForDeploymentPostprocessing = 0;
		};
/* End PBXSourcesBuildPhase section */

/* Begin PBXVariantGroup section */
		55CF497928352383004E39F0 /* Main.storyboard */ = {
			isa = PBXVariantGroup;
			children = (
				55CF497A28352383004E39F0 /* Base */,
			);
			name = Main.storyboard;
			sourceTree = "<group>";
		};
		55CF498128352385004E39F0 /* LaunchScreen.storyboard */ = {
			isa = PBXVariantGroup;
			children = (
				55CF498228352385004E39F0 /* Base */,
			);
			name = LaunchScreen.storyboard;
			sourceTree = "<group>";
		};
/* End PBXVariantGroup section */

/* Begin XCBuildConfiguration section */
		55CF498528352385004E39F0 /* Debug */ = {
			isa = XCBuildConfiguration;
			buildSettings = {
				ALWAYS_SEARCH_USER_PATHS = NO;
				CLANG_ANALYZER_NONNULL = YES;
				CLANG_ANALYZER_NUMBER_OBJECT_CONVERSION = YES_AGGRESSIVE;
				CLANG_CXX_LANGUAGE_STANDARD = "gnu++14";
				CLANG_CXX_LIBRARY = "libc++";
				CLANG_ENABLE_MODULES = YES;
				CLANG_ENABLE_OBJC_ARC = YES;
				CLANG_ENABLE_OBJC_WEAK = YES;
				CLANG_WARN_BLOCK_CAPTURE_AUTORELEASING = YES;
				CLANG_WARN_BOOL_CONVERSION = YES;
				CLANG_WARN_COMMA = YES;
				CLANG_WARN_CONSTANT_CONVERSION = YES;
				CLANG_WARN_DEPRECATED_OBJC_IMPLEMENTATIONS = YES;
				CLANG_WARN_DIRECT_OBJC_ISA_USAGE = YES_ERROR;
				CLANG_WARN_DOCUMENTATION_COMMENTS = YES;
				CLANG_WARN_EMPTY_BODY = YES;
				CLANG_WARN_ENUM_CONVERSION = YES;
				CLANG_WARN_INFINITE_RECURSION = YES;
				CLANG_WARN_INT_CONVERSION = YES;
				CLANG_WARN_NON_LITERAL_NULL_CONVERSION = YES;
				CLANG_WARN_OBJC_IMPLICIT_RETAIN_SELF = YES;
				CLANG_WARN_OBJC_LITERAL_CONVERSION = YES;
				CLANG_WARN_OBJC_ROOT_CLASS = YES_ERROR;
				CLANG_WARN_QUOTED_INCLUDE_IN_FRAMEWORK_HEADER = YES;
				CLANG_WARN_RANGE_LOOP_ANALYSIS = YES;
				CLANG_WARN_STRICT_PROTOTYPES = YES;
				CLANG_WARN_SUSPICIOUS_MOVE = YES;
				CLANG_WARN_UNGUARDED_AVAILABILITY = YES_AGGRESSIVE;
				CLANG_WARN_UNREACHABLE_CODE = YES;
				CLANG_WARN__DUPLICATE_METHOD_MATCH = YES;
				COPY_PHASE_STRIP = NO;
				DEBUG_INFORMATION_FORMAT = dwarf;
				ENABLE_STRICT_OBJC_MSGSEND = YES;
				ENABLE_TESTABILITY = YES;
				GCC_C_LANGUAGE_STANDARD = gnu11;
				GCC_DYNAMIC_NO_PIC = NO;
				GCC_NO_COMMON_BLOCKS = YES;
				GCC_OPTIMIZATION_LEVEL = 0;
				GCC_PREPROCESSOR_DEFINITIONS = (
					"DEBUG=1",
					"$(inherited)",
				);
				GCC_WARN_64_TO_32_BIT_CONVERSION = YES;
				GCC_WARN_ABOUT_RETURN_TYPE = YES_ERROR;
				GCC_WARN_UNDECLARED_SELECTOR = YES;
				GCC_WARN_UNINITIALIZED_AUTOS = YES_AGGRESSIVE;
				GCC_WARN_UNUSED_FUNCTION = YES;
				GCC_WARN_UNUSED_VARIABLE = YES;
				IPHONEOS_DEPLOYMENT_TARGET = 14.4;
				MTL_ENABLE_DEBUG_INFO = INCLUDE_SOURCE;
				MTL_FAST_MATH = YES;
				ONLY_ACTIVE_ARCH = YES;
				SDKROOT = iphoneos;
				SWIFT_ACTIVE_COMPILATION_CONDITIONS = DEBUG;
				SWIFT_OPTIMIZATION_LEVEL = "-Onone";
			};
			name = Debug;
		};
		55CF498628352385004E39F0 /* Release */ = {
			isa = XCBuildConfiguration;
			buildSettings = {
				ALWAYS_SEARCH_USER_PATHS = NO;
				CLANG_ANALYZER_NONNULL = YES;
				CLANG_ANALYZER_NUMBER_OBJECT_CONVERSION = YES_AGGRESSIVE;
				CLANG_CXX_LANGUAGE_STANDARD = "gnu++14";
				CLANG_CXX_LIBRARY = "libc++";
				CLANG_ENABLE_MODULES = YES;
				CLANG_ENABLE_OBJC_ARC = YES;
				CLANG_ENABLE_OBJC_WEAK = YES;
				CLANG_WARN_BLOCK_CAPTURE_AUTORELEASING = YES;
				CLANG_WARN_BOOL_CONVERSION = YES;
				CLANG_WARN_COMMA = YES;
				CLANG_WARN_CONSTANT_CONVERSION = YES;
				CLANG_WARN_DEPRECATED_OBJC_IMPLEMENTATIONS = YES;
				CLANG_WARN_DIRECT_OBJC_ISA_USAGE = YES_ERROR;
				CLANG_WARN_DOCUMENTATION_COMMENTS = YES;
				CLANG_WARN_EMPTY_BODY = YES;
				CLANG_WARN_ENUM_CONVERSION = YES;
				CLANG_WARN_INFINITE_RECURSION = YES;
				CLANG_WARN_INT_CONVERSION = YES;
				CLANG_WARN_NON_LITERAL_NULL_CONVERSION = YES;
				CLANG_WARN_OBJC_IMPLICIT_RETAIN_SELF = YES;
				CLANG_WARN_OBJC_LITERAL_CONVERSION = YES;
				CLANG_WARN_OBJC_ROOT_CLASS = YES_ERROR;
				CLANG_WARN_QUOTED_INCLUDE_IN_FRAMEWORK_HEADER = YES;
				CLANG_WARN_RANGE_LOOP_ANALYSIS = YES;
				CLANG_WARN_STRICT_PROTOTYPES = YES;
				CLANG_WARN_SUSPICIOUS_MOVE = YES;
				CLANG_WARN_UNGUARDED_AVAILABILITY = YES_AGGRESSIVE;
				CLANG_WARN_UNREACHABLE_CODE = YES;
				CLANG_WARN__DUPLICATE_METHOD_MATCH = YES;
				COPY_PHASE_STRIP = NO;
				DEBUG_INFORMATION_FORMAT = "dwarf-with-dsym";
				ENABLE_NS_ASSERTIONS = NO;
				ENABLE_STRICT_OBJC_MSGSEND = YES;
				GCC_C_LANGUAGE_STANDARD = gnu11;
				GCC_NO_COMMON_BLOCKS = YES;
				GCC_WARN_64_TO_32_BIT_CONVERSION = YES;
				GCC_WARN_ABOUT_RETURN_TYPE = YES_ERROR;
				GCC_WARN_UNDECLARED_SELECTOR = YES;
				GCC_WARN_UNINITIALIZED_AUTOS = YES_AGGRESSIVE;
				GCC_WARN_UNUSED_FUNCTION = YES;
				GCC_WARN_UNUSED_VARIABLE = YES;
				IPHONEOS_DEPLOYMENT_TARGET = 14.4;
				MTL_ENABLE_DEBUG_INFO = NO;
				MTL_FAST_MATH = YES;
				SDKROOT = iphoneos;
				SWIFT_COMPILATION_MODE = wholemodule;
				SWIFT_OPTIMIZATION_LEVEL = "-O";
				VALIDATE_PRODUCT = YES;
			};
			name = Release;
		};
		55CF498828352385004E39F0 /* Debug */ = {
			isa = XCBuildConfiguration;
			buildSettings = {
				ASSETCATALOG_COMPILER_APPICON_NAME = AppIcon;
				ASSETCATALOG_COMPILER_GLOBAL_ACCENT_COLOR_NAME = AccentColor;
				CODE_SIGN_STYLE = Automatic;
				DEVELOPMENT_TEAM = 3TJAMXQ8H9;
				INFOPLIST_FILE = ListaTareas/Info.plist;
				LD_RUNPATH_SEARCH_PATHS = (
					"$(inherited)",
					"@executable_path/Frameworks",
				);
				PRODUCT_BUNDLE_IDENTIFIER = moviles.ListaTareas;
				PRODUCT_NAME = "$(TARGET_NAME)";
				SWIFT_VERSION = 5.0;
				TARGETED_DEVICE_FAMILY = "1,2";
			};
			name = Debug;
		};
		55CF498928352385004E39F0 /* Release */ = {
			isa = XCBuildConfiguration;
			buildSettings = {
				ASSETCATALOG_COMPILER_APPICON_NAME = AppIcon;
				ASSETCATALOG_COMPILER_GLOBAL_ACCENT_COLOR_NAME = AccentColor;
				CODE_SIGN_STYLE = Automatic;
				DEVELOPMENT_TEAM = 3TJAMXQ8H9;
				INFOPLIST_FILE = ListaTareas/Info.plist;
				LD_RUNPATH_SEARCH_PATHS = (
					"$(inherited)",
					"@executable_path/Frameworks",
				);
				PRODUCT_BUNDLE_IDENTIFIER = moviles.ListaTareas;
				PRODUCT_NAME = "$(TARGET_NAME)";
				SWIFT_VERSION = 5.0;
				TARGETED_DEVICE_FAMILY = "1,2";
			};
			name = Release;
		};
/* End XCBuildConfiguration section */

/* Begin XCConfigurationList section */
		55CF496B28352383004E39F0 /* Build configuration list for PBXProject "ListaTareas" */ = {
			isa = XCConfigurationList;
			buildConfigurations = (
				55CF498528352385004E39F0 /* Debug */,
				55CF498628352385004E39F0 /* Release */,
			);
			defaultConfigurationIsVisible = 0;
			defaultConfigurationName = Release;
		};
		55CF498728352385004E39F0 /* Build configuration list for PBXNativeTarget "ListaTareas" */ = {
			isa = XCConfigurationList;
			buildConfigurations = (
				55CF498828352385004E39F0 /* Debug */,
				55CF498928352385004E39F0 /* Release */,
			);
			defaultConfigurationIsVisible = 0;
			defaultConfigurationName = Release;
		};
/* End XCConfigurationList section */

/* Begin XCVersionGroup section */
		55CF497C28352383004E39F0 /* ListaTareas.xcdatamodeld */ = {
			isa = XCVersionGroup;
			children = (
				55CF497D28352383004E39F0 /* ListaTareas.xcdatamodel */,
			);
			currentVersion = 55CF497D28352383004E39F0 /* ListaTareas.xcdatamodel */;
			path = ListaTareas.xcdatamodeld;
			sourceTree = "<group>";
			versionGroupType = wrapper.xcdatamodel;
		};
/* End XCVersionGroup section */
	};
	rootObject = 55CF496828352383004E39F0 /* Project object */;
}
